
Microsoft Visual Studio Solution File, Format Version 12.00
# Visual Studio Version 17
VisualStudioVersion = 17.3.32922.545
MinimumVisualStudioVersion = 10.0.40219.1
Project("{FAE04EC0-301F-11D3-BF4B-00C04F79EFBC}") = "ConsoleApp1", "ConsoleApp1\ConsoleApp1.csproj", "{D6742E46-C55D-4F31-B669-54B0352EB094}"
EndProject
Global
	GlobalSection(SolutionConfigurationPlatforms) = preSolution
		Debug|Any CPU = Debug|Any CPU
		Release|Any CPU = Release|Any CPU
	EndGlobalSection
	GlobalSection(ProjectConfigurationPlatforms) = postSolution
		{D6742E46-C55D-4F31-B669-54B0352EB094}.Debug|Any CPU.ActiveCfg = Debug|Any CPU
		{D6742E46-C55D-4F31-B669-54B0352EB094}.Debug|Any CPU.Build.0 = Debug|Any CPU
		{D6742E46-C55D-4F31-B669-54B0352EB094}.Release|Any CPU.ActiveCfg = Release|Any CPU
		{D6742E46-C55D-4F31-B669-54B0352EB094}.Release|Any CPU.Build.0 = Release|Any CPU
	EndGlobalSection
	GlobalSection(SolutionProperties) = preSolution
		HideSolutionNode = FALSE
	EndGlobalSection
	GlobalSection(ExtensibilityGlobals) = postSolution
		SolutionGuid = {6E36B0EB-24EA-42BA-9641-DB137C927BE2}
	EndGlobalSection
EndGlobal
